
Microsoft Visual Studio Solution File, Format Version 12.00
# Visual Studio 2013
VisualStudioVersion = 12.0.21005.1
MinimumVisualStudioVersion = 10.0.40219.1
Project("{FAE04EC0-301F-11D3-BF4B-00C04F79EFBC}") = "EcCines", "EcCines\EcCines.csproj", "{A66D09DC-7E63-432F-91A2-C28F91B0E9C8}"
EndProject
Project("{2150E333-8FDC-42A3-9474-1A3956D46DE8}") = "BackEnd", "BackEnd", "{1A49FF33-6E4F-49F9-8E9F-3ED16EE29295}"
EndProject
Project("{2150E333-8FDC-42A3-9474-1A3956D46DE8}") = "FrontEnd", "FrontEnd", "{DDD96B7D-EBE9-435B-BB3E-A8612A6114C2}"
EndProject
Project("{2150E333-8FDC-42A3-9474-1A3956D46DE8}") = "Business", "Business", "{EA241A56-6AFA-4FBE-BF80-9DBE843BF7AF}"
EndProject
Project("{2150E333-8FDC-42A3-9474-1A3956D46DE8}") = "Common", "Common", "{D03EBFDE-4924-4900-922F-DCE0067305F5}"
EndProject
Project("{2150E333-8FDC-42A3-9474-1A3956D46DE8}") = "Data Access", "Data Access", "{E84F6A29-07F7-4E1B-B1EE-8D9EDBAA894A}"
EndProject
Project("{2150E333-8FDC-42A3-9474-1A3956D46DE8}") = "Entities", "Entities", "{EE7D3664-410C-4F24-B7F2-38AEC9703206}"
EndProject
Project("{2150E333-8FDC-42A3-9474-1A3956D46DE8}") = "Presentation", "Presentation", "{11533476-0416-4217-B1B0-F6883A521B0C}"
EndProject
Project("{FAE04EC0-301F-11D3-BF4B-00C04F79EFBC}") = "ELCOLOMBIANO.EcCines.Business", "ELCOLOMBIANO.EcCines.Business\ELCOLOMBIANO.EcCines.Business.csproj", "{D4FE95F0-BDDF-4948-8D61-AFC40EB886A2}"
EndProject
Project("{FAE04EC0-301F-11D3-BF4B-00C04F79EFBC}") = "ELCOLOMBIANO.EcCines.Common", "ELCOLOMBIANO.EcCines.Common\ELCOLOMBIANO.EcCines.Common.csproj", "{D47139E8-6469-4868-B423-DEA4929A2119}"
EndProject
Project("{FAE04EC0-301F-11D3-BF4B-00C04F79EFBC}") = "ELCOLOMBIANO.EcCines.Data", "ELCOLOMBIANO.EcCines.Data\ELCOLOMBIANO.EcCines.Data.csproj", "{50D5F514-ACAD-4223-ABDE-EB277F1F3A60}"
EndProject
Project("{FAE04EC0-301F-11D3-BF4B-00C04F79EFBC}") = "ELCOLOMBIANO.EcCines.Entities", "ELCOLOMBIANO.EcCines.Entities\ELCOLOMBIANO.EcCines.Entities.csproj", "{E658B629-3FD2-49C8-A4F2-1D60EFB86265}"
EndProject
Project("{FAE04EC0-301F-11D3-BF4B-00C04F79EFBC}") = "ELCOLOMBIANO.EcCines.Entities.Dtos", "ELCOLOMBIANO.EcCines.Entities.Dtos\ELCOLOMBIANO.EcCines.Entities.Dtos.csproj", "{D34C8C2E-9289-4B7B-B700-B35506567570}"
EndProject
Project("{2150E333-8FDC-42A3-9474-1A3956D46DE8}") = "Site", "Site", "{0850B04A-F03F-462E-90BD-2E252E7A6F42}"
EndProject
Project("{2150E333-8FDC-42A3-9474-1A3956D46DE8}") = ".nuget", ".nuget", "{64E4CF7C-051D-4B6D-BADC-63A33B8BFC00}"
	ProjectSection(SolutionItems) = preProject
		.nuget\NuGet.Config = .nuget\NuGet.Config
		.nuget\NuGet.exe = .nuget\NuGet.exe
		.nuget\NuGet.targets = .nuget\NuGet.targets
	EndProjectSection
EndProject
Global
	GlobalSection(SolutionConfigurationPlatforms) = preSolution
		Debug|Any CPU = Debug|Any CPU
		Release|Any CPU = Release|Any CPU
	EndGlobalSection
	GlobalSection(ProjectConfigurationPlatforms) = postSolution
		{A66D09DC-7E63-432F-91A2-C28F91B0E9C8}.Debug|Any CPU.ActiveCfg = Debug|Any CPU
		{A66D09DC-7E63-432F-91A2-C28F91B0E9C8}.Debug|Any CPU.Build.0 = Debug|Any CPU
		{A66D09DC-7E63-432F-91A2-C28F91B0E9C8}.Release|Any CPU.ActiveCfg = Release|Any CPU
		{A66D09DC-7E63-432F-91A2-C28F91B0E9C8}.Release|Any CPU.Build.0 = Release|Any CPU
		{D4FE95F0-BDDF-4948-8D61-AFC40EB886A2}.Debug|Any CPU.ActiveCfg = Debug|Any CPU
		{D4FE95F0-BDDF-4948-8D61-AFC40EB886A2}.Debug|Any CPU.Build.0 = Debug|Any CPU
		{D4FE95F0-BDDF-4948-8D61-AFC40EB886A2}.Release|Any CPU.ActiveCfg = Release|Any CPU
		{D4FE95F0-BDDF-4948-8D61-AFC40EB886A2}.Release|Any CPU.Build.0 = Release|Any CPU
		{D47139E8-6469-4868-B423-DEA4929A2119}.Debug|Any CPU.ActiveCfg = Debug|Any CPU
		{D47139E8-6469-4868-B423-DEA4929A2119}.Debug|Any CPU.Build.0 = Debug|Any CPU
		{D47139E8-6469-4868-B423-DEA4929A2119}.Release|Any CPU.ActiveCfg = Release|Any CPU
		{D47139E8-6469-4868-B423-DEA4929A2119}.Release|Any CPU.Build.0 = Release|Any CPU
		{50D5F514-ACAD-4223-ABDE-EB277F1F3A60}.Debug|Any CPU.ActiveCfg = Debug|Any CPU
		{50D5F514-ACAD-4223-ABDE-EB277F1F3A60}.Debug|Any CPU.Build.0 = Debug|Any CPU
		{50D5F514-ACAD-4223-ABDE-EB277F1F3A60}.Release|Any CPU.ActiveCfg = Release|Any CPU
		{50D5F514-ACAD-4223-ABDE-EB277F1F3A60}.Release|Any CPU.Build.0 = Release|Any CPU
		{E658B629-3FD2-49C8-A4F2-1D60EFB86265}.Debug|Any CPU.ActiveCfg = Debug|Any CPU
		{E658B629-3FD2-49C8-A4F2-1D60EFB86265}.Debug|Any CPU.Build.0 = Debug|Any CPU
		{E658B629-3FD2-49C8-A4F2-1D60EFB86265}.Release|Any CPU.ActiveCfg = Release|Any CPU
		{E658B629-3FD2-49C8-A4F2-1D60EFB86265}.Release|Any CPU.Build.0 = Release|Any CPU
		{D34C8C2E-9289-4B7B-B700-B35506567570}.Debug|Any CPU.ActiveCfg = Debug|Any CPU
		{D34C8C2E-9289-4B7B-B700-B35506567570}.Debug|Any CPU.Build.0 = Debug|Any CPU
		{D34C8C2E-9289-4B7B-B700-B35506567570}.Release|Any CPU.ActiveCfg = Release|Any CPU
		{D34C8C2E-9289-4B7B-B700-B35506567570}.Release|Any CPU.Build.0 = Release|Any CPU
	EndGlobalSection
	GlobalSection(SolutionProperties) = preSolution
		HideSolutionNode = FALSE
	EndGlobalSection
	GlobalSection(NestedProjects) = preSolution
		{11533476-0416-4217-B1B0-F6883A521B0C} = {DDD96B7D-EBE9-435B-BB3E-A8612A6114C2}
		{EA241A56-6AFA-4FBE-BF80-9DBE843BF7AF} = {1A49FF33-6E4F-49F9-8E9F-3ED16EE29295}
		{D03EBFDE-4924-4900-922F-DCE0067305F5} = {1A49FF33-6E4F-49F9-8E9F-3ED16EE29295}
		{E84F6A29-07F7-4E1B-B1EE-8D9EDBAA894A} = {1A49FF33-6E4F-49F9-8E9F-3ED16EE29295}
		{EE7D3664-410C-4F24-B7F2-38AEC9703206} = {1A49FF33-6E4F-49F9-8E9F-3ED16EE29295}
		{0850B04A-F03F-462E-90BD-2E252E7A6F42} = {11533476-0416-4217-B1B0-F6883A521B0C}
		{D4FE95F0-BDDF-4948-8D61-AFC40EB886A2} = {EA241A56-6AFA-4FBE-BF80-9DBE843BF7AF}
		{D47139E8-6469-4868-B423-DEA4929A2119} = {D03EBFDE-4924-4900-922F-DCE0067305F5}
		{50D5F514-ACAD-4223-ABDE-EB277F1F3A60} = {E84F6A29-07F7-4E1B-B1EE-8D9EDBAA894A}
		{E658B629-3FD2-49C8-A4F2-1D60EFB86265} = {EE7D3664-410C-4F24-B7F2-38AEC9703206}
		{D34C8C2E-9289-4B7B-B700-B35506567570} = {EE7D3664-410C-4F24-B7F2-38AEC9703206}
		{A66D09DC-7E63-432F-91A2-C28F91B0E9C8} = {0850B04A-F03F-462E-90BD-2E252E7A6F42}
	EndGlobalSection
EndGlobal
