
Microsoft Visual Studio Solution File, Format Version 11.00
# Visual Studio 2010
Project("{FAE04EC0-301F-11D3-BF4B-00C04F79EFBC}") = "EC.Disqus", "EC.Disqus.SingleSignOn\EC.Disqus.csproj", "{846F456D-6A9C-4C40-B124-7386661721CA}"
EndProject
Project("{FAE04EC0-301F-11D3-BF4B-00C04F79EFBC}") = "DisqusIntegration", "DisqusIntegration\DisqusIntegration.csproj", "{EDCDE578-68D4-4A1E-8CC0-583AC1962A1F}"
EndProject
Global
	GlobalSection(SolutionConfigurationPlatforms) = preSolution
		Debug|Any CPU = Debug|Any CPU
		Release|Any CPU = Release|Any CPU
	EndGlobalSection
	GlobalSection(ProjectConfigurationPlatforms) = postSolution
		{846F456D-6A9C-4C40-B124-7386661721CA}.Debug|Any CPU.ActiveCfg = Debug|Any CPU
		{846F456D-6A9C-4C40-B124-7386661721CA}.Debug|Any CPU.Build.0 = Debug|Any CPU
		{846F456D-6A9C-4C40-B124-7386661721CA}.Release|Any CPU.ActiveCfg = Release|Any CPU
		{846F456D-6A9C-4C40-B124-7386661721CA}.Release|Any CPU.Build.0 = Release|Any CPU
		{EDCDE578-68D4-4A1E-8CC0-583AC1962A1F}.Debug|Any CPU.ActiveCfg = Debug|Any CPU
		{EDCDE578-68D4-4A1E-8CC0-583AC1962A1F}.Debug|Any CPU.Build.0 = Debug|Any CPU
		{EDCDE578-68D4-4A1E-8CC0-583AC1962A1F}.Release|Any CPU.ActiveCfg = Release|Any CPU
		{EDCDE578-68D4-4A1E-8CC0-583AC1962A1F}.Release|Any CPU.Build.0 = Release|Any CPU
	EndGlobalSection
	GlobalSection(SolutionProperties) = preSolution
		HideSolutionNode = FALSE
	EndGlobalSection
EndGlobal
