
Microsoft Visual Studio Solution File, Format Version 12.00
# Visual Studio Express 2012 for Windows Desktop
Project("{FAE04EC0-301F-11D3-BF4B-00C04F79EFBC}") = "EC.Utils", "EC.Utils\EC.Utils.csproj", "{DECC46F4-3AFF-4379-9053-3355F9720AF8}"
EndProject
Global
	GlobalSection(SolutionConfigurationPlatforms) = preSolution
		Debug|Any CPU = Debug|Any CPU
		Release|Any CPU = Release|Any CPU
	EndGlobalSection
	GlobalSection(ProjectConfigurationPlatforms) = postSolution
		{DECC46F4-3AFF-4379-9053-3355F9720AF8}.Debug|Any CPU.ActiveCfg = Debug|Any CPU
		{DECC46F4-3AFF-4379-9053-3355F9720AF8}.Debug|Any CPU.Build.0 = Debug|Any CPU
		{DECC46F4-3AFF-4379-9053-3355F9720AF8}.Release|Any CPU.ActiveCfg = Release|Any CPU
		{DECC46F4-3AFF-4379-9053-3355F9720AF8}.Release|Any CPU.Build.0 = Release|Any CPU
	EndGlobalSection
	GlobalSection(SolutionProperties) = preSolution
		HideSolutionNode = FALSE
	EndGlobalSection
EndGlobal
